
Microsoft Visual Studio Solution File, Format Version 10.00
# Visual Studio 2008
Project("{FAE04EC0-301F-11D3-BF4B-00C04F79EFBC}") = "LMT5-2", "LMT5-2\LMT5-2.csproj", "{FE39F0AA-5E20-4207-9C34-6D595217EC70}"
EndProject
Global
	GlobalSection(SolutionConfigurationPlatforms) = preSolution
		Debug|iPhoneSimulator = Debug|iPhoneSimulator
		Release|iPhoneSimulator = Release|iPhoneSimulator
		Debug|iPhone = Debug|iPhone
		Release|iPhone = Release|iPhone
	EndGlobalSection
	GlobalSection(ProjectConfigurationPlatforms) = postSolution
		{FE39F0AA-5E20-4207-9C34-6D595217EC70}.Debug|iPhone.ActiveCfg = Debug|iPhone
		{FE39F0AA-5E20-4207-9C34-6D595217EC70}.Debug|iPhone.Build.0 = Debug|iPhone
		{FE39F0AA-5E20-4207-9C34-6D595217EC70}.Debug|iPhoneSimulator.ActiveCfg = Debug|iPhoneSimulator
		{FE39F0AA-5E20-4207-9C34-6D595217EC70}.Debug|iPhoneSimulator.Build.0 = Debug|iPhoneSimulator
		{FE39F0AA-5E20-4207-9C34-6D595217EC70}.Release|iPhone.ActiveCfg = Release|iPhone
		{FE39F0AA-5E20-4207-9C34-6D595217EC70}.Release|iPhone.Build.0 = Release|iPhone
		{FE39F0AA-5E20-4207-9C34-6D595217EC70}.Release|iPhoneSimulator.ActiveCfg = Release|iPhoneSimulator
		{FE39F0AA-5E20-4207-9C34-6D595217EC70}.Release|iPhoneSimulator.Build.0 = Release|iPhoneSimulator
	EndGlobalSection
	GlobalSection(MonoDevelopProperties) = preSolution
		StartupItem = LMT5-2\LMT5-2.csproj
		Policies = $0
		$0.TextStylePolicy = $1
		$1.FileWidth = 120
		$1.inheritsSet = VisualStudio
		$1.inheritsScope = text/plain
		$1.scope = text/x-csharp
		$0.CSharpFormattingPolicy = $2
		$2.inheritsSet = Mono
		$2.inheritsScope = text/x-csharp
		$2.scope = text/x-csharp
		$0.TextStylePolicy = $3
		$3.FileWidth = 120
		$3.inheritsSet = VisualStudio
		$3.inheritsScope = text/plain
		$3.scope = text/plain
	EndGlobalSection
EndGlobal
