
Microsoft Visual Studio Solution File, Format Version 10.00
# Visual Studio 2008
Project("{FAE04EC0-301F-11D3-BF4B-00C04F79EFBC}") = "GameKitChat", "GameKitChat\GameKitChat.csproj", "{7F4B11A6-A32B-4883-8422-827BE905E244}"
EndProject
Global
	GlobalSection(SolutionConfigurationPlatforms) = preSolution
		Debug|iPhoneSimulator = Debug|iPhoneSimulator
		Release|iPhoneSimulator = Release|iPhoneSimulator
		Debug|iPhone = Debug|iPhone
		Release|iPhone = Release|iPhone
	EndGlobalSection
	GlobalSection(ProjectConfigurationPlatforms) = postSolution
		{7F4B11A6-A32B-4883-8422-827BE905E244}.Debug|iPhone.ActiveCfg = Debug|iPhone
		{7F4B11A6-A32B-4883-8422-827BE905E244}.Debug|iPhone.Build.0 = Debug|iPhone
		{7F4B11A6-A32B-4883-8422-827BE905E244}.Debug|iPhoneSimulator.ActiveCfg = Debug|iPhoneSimulator
		{7F4B11A6-A32B-4883-8422-827BE905E244}.Debug|iPhoneSimulator.Build.0 = Debug|iPhoneSimulator
		{7F4B11A6-A32B-4883-8422-827BE905E244}.Release|iPhone.ActiveCfg = Release|iPhone
		{7F4B11A6-A32B-4883-8422-827BE905E244}.Release|iPhone.Build.0 = Release|iPhone
		{7F4B11A6-A32B-4883-8422-827BE905E244}.Release|iPhoneSimulator.ActiveCfg = Release|iPhoneSimulator
		{7F4B11A6-A32B-4883-8422-827BE905E244}.Release|iPhoneSimulator.Build.0 = Release|iPhoneSimulator
	EndGlobalSection
	GlobalSection(MonoDevelopProperties) = preSolution
		StartupItem = GameKitChat\GameKitChat.csproj
		Policies = $0
		$0.TextStylePolicy = $1
		$1.inheritsSet = VisualStudio
		$1.inheritsScope = text/plain
		$1.scope = text/x-csharp
		$0.CSharpFormattingPolicy = $2
		$2.inheritsSet = Mono
		$2.inheritsScope = text/x-csharp
		$2.scope = text/x-csharp
	EndGlobalSection
EndGlobal
