
Microsoft Visual Studio Solution File, Format Version 10.00
# Visual Studio 2008
Project("{FAE04EC0-301F-11D3-BF4B-00C04F79EFBC}") = "LMT5-4", "LMT5-4\LMT5-4.csproj", "{64B1D9B2-6026-4272-B974-E275F6D285B0}"
EndProject
Global
	GlobalSection(SolutionConfigurationPlatforms) = preSolution
		Debug|iPhoneSimulator = Debug|iPhoneSimulator
		Release|iPhoneSimulator = Release|iPhoneSimulator
		Debug|iPhone = Debug|iPhone
		Release|iPhone = Release|iPhone
	EndGlobalSection
	GlobalSection(ProjectConfigurationPlatforms) = postSolution
		{64B1D9B2-6026-4272-B974-E275F6D285B0}.Debug|iPhone.ActiveCfg = Debug|iPhone
		{64B1D9B2-6026-4272-B974-E275F6D285B0}.Debug|iPhone.Build.0 = Debug|iPhone
		{64B1D9B2-6026-4272-B974-E275F6D285B0}.Debug|iPhoneSimulator.ActiveCfg = Debug|iPhoneSimulator
		{64B1D9B2-6026-4272-B974-E275F6D285B0}.Debug|iPhoneSimulator.Build.0 = Debug|iPhoneSimulator
		{64B1D9B2-6026-4272-B974-E275F6D285B0}.Release|iPhone.ActiveCfg = Release|iPhone
		{64B1D9B2-6026-4272-B974-E275F6D285B0}.Release|iPhone.Build.0 = Release|iPhone
		{64B1D9B2-6026-4272-B974-E275F6D285B0}.Release|iPhoneSimulator.ActiveCfg = Release|iPhoneSimulator
		{64B1D9B2-6026-4272-B974-E275F6D285B0}.Release|iPhoneSimulator.Build.0 = Release|iPhoneSimulator
	EndGlobalSection
	GlobalSection(MonoDevelopProperties) = preSolution
		StartupItem = LMT5-4\LMT5-4.csproj
	EndGlobalSection
EndGlobal
