
Microsoft Visual Studio Solution File, Format Version 10.00
# Visual Studio 2008
Project("{FAE04EC0-301F-11D3-BF4B-00C04F79EFBC}") = "LMT3-1", "LMT3-1\LMT3-1.csproj", "{B1163ADC-FCD3-4326-95B8-988DAB99C1A8}"
EndProject
Global
	GlobalSection(SolutionConfigurationPlatforms) = preSolution
		Debug|iPhoneSimulator = Debug|iPhoneSimulator
		Release|iPhoneSimulator = Release|iPhoneSimulator
		Debug|iPhone = Debug|iPhone
		Release|iPhone = Release|iPhone
	EndGlobalSection
	GlobalSection(ProjectConfigurationPlatforms) = postSolution
		{B1163ADC-FCD3-4326-95B8-988DAB99C1A8}.Debug|iPhone.ActiveCfg = Debug|iPhone
		{B1163ADC-FCD3-4326-95B8-988DAB99C1A8}.Debug|iPhone.Build.0 = Debug|iPhone
		{B1163ADC-FCD3-4326-95B8-988DAB99C1A8}.Debug|iPhoneSimulator.ActiveCfg = Debug|iPhoneSimulator
		{B1163ADC-FCD3-4326-95B8-988DAB99C1A8}.Debug|iPhoneSimulator.Build.0 = Debug|iPhoneSimulator
		{B1163ADC-FCD3-4326-95B8-988DAB99C1A8}.Release|iPhone.ActiveCfg = Release|iPhone
		{B1163ADC-FCD3-4326-95B8-988DAB99C1A8}.Release|iPhone.Build.0 = Release|iPhone
		{B1163ADC-FCD3-4326-95B8-988DAB99C1A8}.Release|iPhoneSimulator.ActiveCfg = Release|iPhoneSimulator
		{B1163ADC-FCD3-4326-95B8-988DAB99C1A8}.Release|iPhoneSimulator.Build.0 = Release|iPhoneSimulator
	EndGlobalSection
	GlobalSection(MonoDevelopProperties) = preSolution
		StartupItem = LMT3-1\LMT3-1.csproj
	EndGlobalSection
EndGlobal
