
Microsoft Visual Studio Solution File, Format Version 10.00
# Visual Studio 2008
Project("{FAE04EC0-301F-11D3-BF4B-00C04F79EFBC}") = "BonjourServer", "BonjourServer\BonjourServer.csproj", "{634F2E63-8175-454C-93FB-3BF365F0CDD8}"
EndProject
Global
	GlobalSection(SolutionConfigurationPlatforms) = preSolution
		Debug|iPhoneSimulator = Debug|iPhoneSimulator
		Release|iPhoneSimulator = Release|iPhoneSimulator
		Debug|iPhone = Debug|iPhone
		Release|iPhone = Release|iPhone
	EndGlobalSection
	GlobalSection(ProjectConfigurationPlatforms) = postSolution
		{634F2E63-8175-454C-93FB-3BF365F0CDD8}.Debug|iPhone.ActiveCfg = Debug|iPhone
		{634F2E63-8175-454C-93FB-3BF365F0CDD8}.Debug|iPhone.Build.0 = Debug|iPhone
		{634F2E63-8175-454C-93FB-3BF365F0CDD8}.Debug|iPhoneSimulator.ActiveCfg = Debug|iPhoneSimulator
		{634F2E63-8175-454C-93FB-3BF365F0CDD8}.Debug|iPhoneSimulator.Build.0 = Debug|iPhoneSimulator
		{634F2E63-8175-454C-93FB-3BF365F0CDD8}.Release|iPhone.ActiveCfg = Release|iPhone
		{634F2E63-8175-454C-93FB-3BF365F0CDD8}.Release|iPhone.Build.0 = Release|iPhone
		{634F2E63-8175-454C-93FB-3BF365F0CDD8}.Release|iPhoneSimulator.ActiveCfg = Release|iPhoneSimulator
		{634F2E63-8175-454C-93FB-3BF365F0CDD8}.Release|iPhoneSimulator.Build.0 = Release|iPhoneSimulator
	EndGlobalSection
	GlobalSection(MonoDevelopProperties) = preSolution
		StartupItem = BonjourServer\BonjourServer.csproj
	EndGlobalSection
EndGlobal
