
Microsoft Visual Studio Solution File, Format Version 10.00
# Visual Studio 2008
Project("{FAE04EC0-301F-11D3-BF4B-00C04F79EFBC}") = "LMT4-5", "LMT4-5\LMT4-5.csproj", "{8C5BBD37-A5B5-4249-9D8F-067BB9E0EBF9}"
EndProject
Global
	GlobalSection(SolutionConfigurationPlatforms) = preSolution
		Debug|iPhoneSimulator = Debug|iPhoneSimulator
		Release|iPhoneSimulator = Release|iPhoneSimulator
		Debug|iPhone = Debug|iPhone
		Release|iPhone = Release|iPhone
	EndGlobalSection
	GlobalSection(ProjectConfigurationPlatforms) = postSolution
		{8C5BBD37-A5B5-4249-9D8F-067BB9E0EBF9}.Debug|iPhone.ActiveCfg = Debug|iPhone
		{8C5BBD37-A5B5-4249-9D8F-067BB9E0EBF9}.Debug|iPhone.Build.0 = Debug|iPhone
		{8C5BBD37-A5B5-4249-9D8F-067BB9E0EBF9}.Debug|iPhoneSimulator.ActiveCfg = Debug|iPhoneSimulator
		{8C5BBD37-A5B5-4249-9D8F-067BB9E0EBF9}.Debug|iPhoneSimulator.Build.0 = Debug|iPhoneSimulator
		{8C5BBD37-A5B5-4249-9D8F-067BB9E0EBF9}.Release|iPhone.ActiveCfg = Release|iPhone
		{8C5BBD37-A5B5-4249-9D8F-067BB9E0EBF9}.Release|iPhone.Build.0 = Release|iPhone
		{8C5BBD37-A5B5-4249-9D8F-067BB9E0EBF9}.Release|iPhoneSimulator.ActiveCfg = Release|iPhoneSimulator
		{8C5BBD37-A5B5-4249-9D8F-067BB9E0EBF9}.Release|iPhoneSimulator.Build.0 = Release|iPhoneSimulator
	EndGlobalSection
	GlobalSection(MonoDevelopProperties) = preSolution
		StartupItem = LMT4-5\LMT4-5.csproj
	EndGlobalSection
EndGlobal
