
Microsoft Visual Studio Solution File, Format Version 10.00
# Visual Studio 2008
Project("{FAE04EC0-301F-11D3-BF4B-00C04F79EFBC}") = "LMT6-2", "LMT6-2\LMT6-2.csproj", "{849CD326-F753-41C1-80B1-2A3C6EE29025}"
EndProject
Global
	GlobalSection(SolutionConfigurationPlatforms) = preSolution
		Debug|iPhoneSimulator = Debug|iPhoneSimulator
		Release|iPhoneSimulator = Release|iPhoneSimulator
		Debug|iPhone = Debug|iPhone
		Release|iPhone = Release|iPhone
	EndGlobalSection
	GlobalSection(ProjectConfigurationPlatforms) = postSolution
		{849CD326-F753-41C1-80B1-2A3C6EE29025}.Debug|iPhone.ActiveCfg = Debug|iPhone
		{849CD326-F753-41C1-80B1-2A3C6EE29025}.Debug|iPhone.Build.0 = Debug|iPhone
		{849CD326-F753-41C1-80B1-2A3C6EE29025}.Debug|iPhoneSimulator.ActiveCfg = Debug|iPhoneSimulator
		{849CD326-F753-41C1-80B1-2A3C6EE29025}.Debug|iPhoneSimulator.Build.0 = Debug|iPhoneSimulator
		{849CD326-F753-41C1-80B1-2A3C6EE29025}.Release|iPhone.ActiveCfg = Release|iPhone
		{849CD326-F753-41C1-80B1-2A3C6EE29025}.Release|iPhone.Build.0 = Release|iPhone
		{849CD326-F753-41C1-80B1-2A3C6EE29025}.Release|iPhoneSimulator.ActiveCfg = Release|iPhoneSimulator
		{849CD326-F753-41C1-80B1-2A3C6EE29025}.Release|iPhoneSimulator.Build.0 = Release|iPhoneSimulator
	EndGlobalSection
	GlobalSection(MonoDevelopProperties) = preSolution
		StartupItem = LMT6-2\LMT6-2.csproj
	EndGlobalSection
EndGlobal
