
Microsoft Visual Studio Solution File, Format Version 10.00
# Visual Studio 2008
Project("{FAE04EC0-301F-11D3-BF4B-00C04F79EFBC}") = "LMT4-8", "LMT4-8\LMT4-8.csproj", "{72A22A8C-DCF8-4EE5-8192-34F258E95FFC}"
EndProject
Global
	GlobalSection(SolutionConfigurationPlatforms) = preSolution
		Debug|iPhoneSimulator = Debug|iPhoneSimulator
		Release|iPhoneSimulator = Release|iPhoneSimulator
		Debug|iPhone = Debug|iPhone
		Release|iPhone = Release|iPhone
	EndGlobalSection
	GlobalSection(ProjectConfigurationPlatforms) = postSolution
		{72A22A8C-DCF8-4EE5-8192-34F258E95FFC}.Debug|iPhone.ActiveCfg = Debug|iPhone
		{72A22A8C-DCF8-4EE5-8192-34F258E95FFC}.Debug|iPhone.Build.0 = Debug|iPhone
		{72A22A8C-DCF8-4EE5-8192-34F258E95FFC}.Debug|iPhoneSimulator.ActiveCfg = Debug|iPhoneSimulator
		{72A22A8C-DCF8-4EE5-8192-34F258E95FFC}.Debug|iPhoneSimulator.Build.0 = Debug|iPhoneSimulator
		{72A22A8C-DCF8-4EE5-8192-34F258E95FFC}.Release|iPhone.ActiveCfg = Release|iPhone
		{72A22A8C-DCF8-4EE5-8192-34F258E95FFC}.Release|iPhone.Build.0 = Release|iPhone
		{72A22A8C-DCF8-4EE5-8192-34F258E95FFC}.Release|iPhoneSimulator.ActiveCfg = Release|iPhoneSimulator
		{72A22A8C-DCF8-4EE5-8192-34F258E95FFC}.Release|iPhoneSimulator.Build.0 = Release|iPhoneSimulator
	EndGlobalSection
	GlobalSection(MonoDevelopProperties) = preSolution
		StartupItem = LMT4-8\LMT4-8.csproj
	EndGlobalSection
EndGlobal
