
Microsoft Visual Studio Solution File, Format Version 10.00
# Visual Studio 2008
Project("{FAE04EC0-301F-11D3-BF4B-00C04F79EFBC}") = "LMT4-1", "LMT4-1\LMT4-1.csproj", "{EF50284C-720D-48AA-8D71-5EA990E8A701}"
EndProject
Global
	GlobalSection(SolutionConfigurationPlatforms) = preSolution
		Debug|iPhoneSimulator = Debug|iPhoneSimulator
		Release|iPhoneSimulator = Release|iPhoneSimulator
		Debug|iPhone = Debug|iPhone
		Release|iPhone = Release|iPhone
	EndGlobalSection
	GlobalSection(ProjectConfigurationPlatforms) = postSolution
		{EF50284C-720D-48AA-8D71-5EA990E8A701}.Debug|iPhone.ActiveCfg = Debug|iPhone
		{EF50284C-720D-48AA-8D71-5EA990E8A701}.Debug|iPhone.Build.0 = Debug|iPhone
		{EF50284C-720D-48AA-8D71-5EA990E8A701}.Debug|iPhoneSimulator.ActiveCfg = Debug|iPhoneSimulator
		{EF50284C-720D-48AA-8D71-5EA990E8A701}.Debug|iPhoneSimulator.Build.0 = Debug|iPhoneSimulator
		{EF50284C-720D-48AA-8D71-5EA990E8A701}.Release|iPhone.ActiveCfg = Release|iPhone
		{EF50284C-720D-48AA-8D71-5EA990E8A701}.Release|iPhone.Build.0 = Release|iPhone
		{EF50284C-720D-48AA-8D71-5EA990E8A701}.Release|iPhoneSimulator.ActiveCfg = Release|iPhoneSimulator
		{EF50284C-720D-48AA-8D71-5EA990E8A701}.Release|iPhoneSimulator.Build.0 = Release|iPhoneSimulator
	EndGlobalSection
	GlobalSection(MonoDevelopProperties) = preSolution
		StartupItem = LMT4-1\LMT4-1.csproj
	EndGlobalSection
EndGlobal
