
Microsoft Visual Studio Solution File, Format Version 10.00
# Visual Studio 2008
Project("{FAE04EC0-301F-11D3-BF4B-00C04F79EFBC}") = "LMT6-5", "LMT6-5\LMT6-5.csproj", "{0C052019-0E7B-4623-93CF-5FBAB0E92B2B}"
EndProject
Global
	GlobalSection(SolutionConfigurationPlatforms) = preSolution
		Debug|iPhoneSimulator = Debug|iPhoneSimulator
		Release|iPhoneSimulator = Release|iPhoneSimulator
		Debug|iPhone = Debug|iPhone
		Release|iPhone = Release|iPhone
	EndGlobalSection
	GlobalSection(ProjectConfigurationPlatforms) = postSolution
		{0C052019-0E7B-4623-93CF-5FBAB0E92B2B}.Debug|iPhone.ActiveCfg = Debug|iPhone
		{0C052019-0E7B-4623-93CF-5FBAB0E92B2B}.Debug|iPhone.Build.0 = Debug|iPhone
		{0C052019-0E7B-4623-93CF-5FBAB0E92B2B}.Debug|iPhoneSimulator.ActiveCfg = Debug|iPhoneSimulator
		{0C052019-0E7B-4623-93CF-5FBAB0E92B2B}.Debug|iPhoneSimulator.Build.0 = Debug|iPhoneSimulator
		{0C052019-0E7B-4623-93CF-5FBAB0E92B2B}.Release|iPhone.ActiveCfg = Release|iPhone
		{0C052019-0E7B-4623-93CF-5FBAB0E92B2B}.Release|iPhone.Build.0 = Release|iPhone
		{0C052019-0E7B-4623-93CF-5FBAB0E92B2B}.Release|iPhoneSimulator.ActiveCfg = Release|iPhoneSimulator
		{0C052019-0E7B-4623-93CF-5FBAB0E92B2B}.Release|iPhoneSimulator.Build.0 = Release|iPhoneSimulator
	EndGlobalSection
	GlobalSection(MonoDevelopProperties) = preSolution
		StartupItem = LMT6-5\LMT6-5.csproj
	EndGlobalSection
EndGlobal
